
Microsoft Visual Studio Solution File, Format Version 12.00
# Visual Studio Version 16
VisualStudioVersion = 16.0.31025.194
MinimumVisualStudioVersion = 10.0.40219.1
Project("{FAE04EC0-301F-11D3-BF4B-00C04F79EFBC}") = "Connected", "Connected\Connected.csproj", "{8EE01E75-B2F6-4830-94A0-404081ACB40E}"
EndProject
Global
	GlobalSection(SolutionConfigurationPlatforms) = preSolution
		Debug|Any CPU = Debug|Any CPU
		Release|Any CPU = Release|Any CPU
	EndGlobalSection
	GlobalSection(ProjectConfigurationPlatforms) = postSolution
		{8EE01E75-B2F6-4830-94A0-404081ACB40E}.Debug|Any CPU.ActiveCfg = Debug|Any CPU
		{8EE01E75-B2F6-4830-94A0-404081ACB40E}.Debug|Any CPU.Build.0 = Debug|Any CPU
		{8EE01E75-B2F6-4830-94A0-404081ACB40E}.Release|Any CPU.ActiveCfg = Release|Any CPU
		{8EE01E75-B2F6-4830-94A0-404081ACB40E}.Release|Any CPU.Build.0 = Release|Any CPU
	EndGlobalSection
	GlobalSection(SolutionProperties) = preSolution
		HideSolutionNode = FALSE
	EndGlobalSection
	GlobalSection(ExtensibilityGlobals) = postSolution
		SolutionGuid = {D5B74D63-09B3-4A2D-84FE-A804764E26BB}
	EndGlobalSection
EndGlobal
